{
    "_meta": {
        "hash": {
            "sha256": "40a198a3f906be4b75505ec93f18868b75eb7f766b105fd1e2ca071375d8bee2"
        },
        "pipfile-spec": 6,
        "requires": {
            "python_version": "3"
        },
        "sources": [
            {
                "name": "pypi",
                "url": "https://pypi.org/simple",
                "verify_ssl": true
            }
        ]
    },
    "default": {},
    "develop": {}
}
